
Microsoft Visual Studio Solution File, Format Version 12.00
# Visual Studio Version 16
VisualStudioVersion = 16.0.29806.167
MinimumVisualStudioVersion = 10.0.40219.1
Project("{FAE04EC0-301F-11D3-BF4B-00C04F79EFBC}") = "ShopCET45.Web", "ShopCET45.Web\ShopCET45.Web.csproj", "{0A1F0404-C220-4BC9-A9F5-FBC8ACD40AB7}"
EndProject
Project("{9A19103F-16F7-4668-BE54-9A1E7A4F7556}") = "ShopCET45.Common", "..\ShopCET45.Common\ShopCET45.Common\ShopCET45.Common.csproj", "{FC5DBA72-2BD6-4D82-83D3-69784079BEB4}"
EndProject
Global
	GlobalSection(SolutionConfigurationPlatforms) = preSolution
		Debug|Any CPU = Debug|Any CPU
		Release|Any CPU = Release|Any CPU
	EndGlobalSection
	GlobalSection(ProjectConfigurationPlatforms) = postSolution
		{0A1F0404-C220-4BC9-A9F5-FBC8ACD40AB7}.Debug|Any CPU.ActiveCfg = Debug|Any CPU
		{0A1F0404-C220-4BC9-A9F5-FBC8ACD40AB7}.Debug|Any CPU.Build.0 = Debug|Any CPU
		{0A1F0404-C220-4BC9-A9F5-FBC8ACD40AB7}.Release|Any CPU.ActiveCfg = Release|Any CPU
		{0A1F0404-C220-4BC9-A9F5-FBC8ACD40AB7}.Release|Any CPU.Build.0 = Release|Any CPU
		{FC5DBA72-2BD6-4D82-83D3-69784079BEB4}.Debug|Any CPU.ActiveCfg = Debug|Any CPU
		{FC5DBA72-2BD6-4D82-83D3-69784079BEB4}.Debug|Any CPU.Build.0 = Debug|Any CPU
		{FC5DBA72-2BD6-4D82-83D3-69784079BEB4}.Release|Any CPU.ActiveCfg = Release|Any CPU
		{FC5DBA72-2BD6-4D82-83D3-69784079BEB4}.Release|Any CPU.Build.0 = Release|Any CPU
	EndGlobalSection
	GlobalSection(SolutionProperties) = preSolution
		HideSolutionNode = FALSE
	EndGlobalSection
	GlobalSection(ExtensibilityGlobals) = postSolution
		SolutionGuid = {83DC53EC-B240-49A6-9173-829231AC1E36}
	EndGlobalSection
EndGlobal
